{
  "version": 1,
  "dependencies": {
    "net10.0": {
      "CloudNative.CloudEvents": {
        "type": "Transitive",
        "resolved": "2.9.0",
        "contentHash": "Qh8/MS3YBI78Q5+AVXN/hNQZkhFW5OyDHdn4Wi05ZzlylKOsTypBiQQ1u0U8iOZ24HMe8Hc0VH2CIwnY4YTGEA=="
      },
      "CloudNative.CloudEvents.SystemTextJson": {
        "type": "Transitive",
        "resolved": "2.9.0",
        "contentHash": "gkf4+RRR8W4VmB7hZr0Wie5VYz+oRKJnuj5CLtyKANa+Yq+eynMqVBnmnjWf8hvgCVDAzyvM2iq6THZageO8jA==",
        "dependencies": {
          "CloudNative.CloudEvents": "2.9.0"
        }
      },
      "opencaminterop": {
        "type": "Project",
        "dependencies": {
          "CloudNative.CloudEvents.SystemTextJson": "[2.9.0, )"
        }
      }
    }
  }
}